
Microsoft Visual Studio Solution File, Format Version 12.00
# Visual Studio 15
VisualStudioVersion = 15.0.27130.2027
MinimumVisualStudioVersion = 10.0.40219.1
Project("{FAE04EC0-301F-11D3-BF4B-00C04F79EFBC}") = "Personkartotek", "Personkartotek\Personkartotek.csproj", "{B57F572C-13AE-483F-B0A4-81A8DEC8CB9A}"
EndProject
Project("{FAE04EC0-301F-11D3-BF4B-00C04F79EFBC}") = "Handin22", "Handin22\Handin22.csproj", "{707911DE-D4BD-408A-BD89-D002DC2B2F13}"
EndProject
Project("{FAE04EC0-301F-11D3-BF4B-00C04F79EFBC}") = "DocumentDBPerson", "DocumentDBPerson\DocumentDBPerson.csproj", "{117B1F4B-F594-4611-816D-A558744387FF}"
EndProject
Project("{FAE04EC0-301F-11D3-BF4B-00C04F79EFBC}") = "REST API", "REST API\REST API.csproj", "{DB0AB60C-EA55-4BC9-B46D-49EC1333D1B0}"
EndProject
Project("{FAE04EC0-301F-11D3-BF4B-00C04F79EFBC}") = "REST API DocumentDB", "REST API DocumentDB\REST API DocumentDB.csproj", "{A1B37FA5-A121-4C86-A013-7F5FA8088623}"
EndProject
Project("{9A19103F-16F7-4668-BE54-9A1E7A4F7556}") = "DocumentDB-API", "DocumentDB-API\DocumentDB-API.csproj", "{FF9E9222-C220-4E44-8DE8-E1929D931DBE}"
EndProject
Global
	GlobalSection(SolutionConfigurationPlatforms) = preSolution
		Debug|Any CPU = Debug|Any CPU
		Release|Any CPU = Release|Any CPU
	EndGlobalSection
	GlobalSection(ProjectConfigurationPlatforms) = postSolution
		{B57F572C-13AE-483F-B0A4-81A8DEC8CB9A}.Debug|Any CPU.ActiveCfg = Debug|Any CPU
		{B57F572C-13AE-483F-B0A4-81A8DEC8CB9A}.Debug|Any CPU.Build.0 = Debug|Any CPU
		{B57F572C-13AE-483F-B0A4-81A8DEC8CB9A}.Release|Any CPU.ActiveCfg = Release|Any CPU
		{B57F572C-13AE-483F-B0A4-81A8DEC8CB9A}.Release|Any CPU.Build.0 = Release|Any CPU
		{707911DE-D4BD-408A-BD89-D002DC2B2F13}.Debug|Any CPU.ActiveCfg = Debug|Any CPU
		{707911DE-D4BD-408A-BD89-D002DC2B2F13}.Debug|Any CPU.Build.0 = Debug|Any CPU
		{707911DE-D4BD-408A-BD89-D002DC2B2F13}.Release|Any CPU.ActiveCfg = Release|Any CPU
		{707911DE-D4BD-408A-BD89-D002DC2B2F13}.Release|Any CPU.Build.0 = Release|Any CPU
		{117B1F4B-F594-4611-816D-A558744387FF}.Debug|Any CPU.ActiveCfg = Debug|Any CPU
		{117B1F4B-F594-4611-816D-A558744387FF}.Debug|Any CPU.Build.0 = Debug|Any CPU
		{117B1F4B-F594-4611-816D-A558744387FF}.Release|Any CPU.ActiveCfg = Release|Any CPU
		{117B1F4B-F594-4611-816D-A558744387FF}.Release|Any CPU.Build.0 = Release|Any CPU
		{DB0AB60C-EA55-4BC9-B46D-49EC1333D1B0}.Debug|Any CPU.ActiveCfg = Debug|Any CPU
		{DB0AB60C-EA55-4BC9-B46D-49EC1333D1B0}.Debug|Any CPU.Build.0 = Debug|Any CPU
		{DB0AB60C-EA55-4BC9-B46D-49EC1333D1B0}.Release|Any CPU.ActiveCfg = Release|Any CPU
		{DB0AB60C-EA55-4BC9-B46D-49EC1333D1B0}.Release|Any CPU.Build.0 = Release|Any CPU
		{A1B37FA5-A121-4C86-A013-7F5FA8088623}.Debug|Any CPU.ActiveCfg = Debug|Any CPU
		{A1B37FA5-A121-4C86-A013-7F5FA8088623}.Debug|Any CPU.Build.0 = Debug|Any CPU
		{A1B37FA5-A121-4C86-A013-7F5FA8088623}.Release|Any CPU.ActiveCfg = Release|Any CPU
		{A1B37FA5-A121-4C86-A013-7F5FA8088623}.Release|Any CPU.Build.0 = Release|Any CPU
		{FF9E9222-C220-4E44-8DE8-E1929D931DBE}.Debug|Any CPU.ActiveCfg = Debug|Any CPU
		{FF9E9222-C220-4E44-8DE8-E1929D931DBE}.Debug|Any CPU.Build.0 = Debug|Any CPU
		{FF9E9222-C220-4E44-8DE8-E1929D931DBE}.Release|Any CPU.ActiveCfg = Release|Any CPU
		{FF9E9222-C220-4E44-8DE8-E1929D931DBE}.Release|Any CPU.Build.0 = Release|Any CPU
	EndGlobalSection
	GlobalSection(SolutionProperties) = preSolution
		HideSolutionNode = FALSE
	EndGlobalSection
	GlobalSection(ExtensibilityGlobals) = postSolution
		SolutionGuid = {9BDA17E4-AB0E-4E1D-84D2-A778CA73D58B}
	EndGlobalSection
EndGlobal
